// !$*UTF8*$!
{
	archiveVersion = 1;
	classes = {
	};
	objectVersion = 46;
	objects = {

/* Begin PBXBuildFile section */
		2720ECAD1B254A7F0063DB79 /* FindSMViewController.m in Sources */ = {isa = PBXBuildFile; fileRef = 2720ECAC1B254A7F0063DB79 /* FindSMViewController.m */; };
		2720ECB91B257B810063DB79 /* SCTabViewController.m in Sources */ = {isa = PBXBuildFile; fileRef = 2720ECB81B257B810063DB79 /* SCTabViewController.m */; };
		2720ECBB1B257F310063DB79 /* Default-568h@2x.png in Resources */ = {isa = PBXBuildFile; fileRef = 2720ECBA1B257F310063DB79 /* Default-568h@2x.png */; };
		2720ECBE1B25871A0063DB79 /* Tools.m in Sources */ = {isa = PBXBuildFile; fileRef = 2720ECBD1B25871A0063DB79 /* Tools.m */; };
		2720ECC21B2587990063DB79 /* NSString+Addition.m in Sources */ = {isa = PBXBuildFile; fileRef = 2720ECC11B2587990063DB79 /* NSString+Addition.m */; };
		2720ECC71B258DF40063DB79 /* SMCircleCell.m in Sources */ = {isa = PBXBuildFile; fileRef = 2720ECC61B258DF40063DB79 /* SMCircleCell.m */; };
		274E65181B2833FB00D1267B /* UserInfoView.m in Sources */ = {isa = PBXBuildFile; fileRef = 274E65171B2833FB00D1267B /* UserInfoView.m */; };
		274E651B1B2837A900D1267B /* UserInfoCell.m in Sources */ = {isa = PBXBuildFile; fileRef = 274E651A1B2837A900D1267B /* UserInfoCell.m */; };
		277905F61B252E0100ECC732 /* main.m in Sources */ = {isa = PBXBuildFile; fileRef = 277905F51B252E0100ECC732 /* main.m */; };
		277905F91B252E0100ECC732 /* AppDelegate.m in Sources */ = {isa = PBXBuildFile; fileRef = 277905F81B252E0100ECC732 /* AppDelegate.m */; };
		277906011B252E0100ECC732 /* Images.xcassets in Resources */ = {isa = PBXBuildFile; fileRef = 277906001B252E0100ECC732 /* Images.xcassets */; };
		277906041B252E0100ECC732 /* LaunchScreen.xib in Resources */ = {isa = PBXBuildFile; fileRef = 277906021B252E0100ECC732 /* LaunchScreen.xib */; };
		2779061F1B253E2500ECC732 /* SCBasicViewController.m in Sources */ = {isa = PBXBuildFile; fileRef = 2779061E1B253E2500ECC732 /* SCBasicViewController.m */; };
		277906291B253E9F00ECC732 /* LoginViewController.m in Sources */ = {isa = PBXBuildFile; fileRef = 277906271B253E9F00ECC732 /* LoginViewController.m */; };
		2779062C1B253EAB00ECC732 /* RegisterViewController.m in Sources */ = {isa = PBXBuildFile; fileRef = 2779062B1B253EAB00ECC732 /* RegisterViewController.m */; };
		2779062E1B25475600ECC732 /* 同学圈主界面.jpg in Resources */ = {isa = PBXBuildFile; fileRef = 2779062D1B25475600ECC732 /* 同学圈主界面.jpg */; };
		277906361B2548FF00ECC732 /* BBNewspaperViewController.m in Sources */ = {isa = PBXBuildFile; fileRef = 277906351B2548FF00ECC732 /* BBNewspaperViewController.m */; };
		2779063C1B25492B00ECC732 /* MoreViewController.m in Sources */ = {isa = PBXBuildFile; fileRef = 2779063B1B25492B00ECC732 /* MoreViewController.m */; };
		2779063F1B25495800ECC732 /* SMCircleViewController.m in Sources */ = {isa = PBXBuildFile; fileRef = 2779063E1B25495800ECC732 /* SMCircleViewController.m */; };
		277906421B25496500ECC732 /* WhisperViewController.m in Sources */ = {isa = PBXBuildFile; fileRef = 277906411B25496500ECC732 /* WhisperViewController.m */; };
		27AD44F51B2E8DCD00C80C29 /* CheckTools.m in Sources */ = {isa = PBXBuildFile; fileRef = 27AD44F41B2E8DCD00C80C29 /* CheckTools.m */; };
		27AD44FA1B2E943B00C80C29 /* NickNameViewController.m in Sources */ = {isa = PBXBuildFile; fileRef = 27AD44F91B2E943B00C80C29 /* NickNameViewController.m */; };
		27AD44FD1B2E944500C80C29 /* TrueNameViewController.m in Sources */ = {isa = PBXBuildFile; fileRef = 27AD44FC1B2E944500C80C29 /* TrueNameViewController.m */; };
		27AD45001B2E976000C80C29 /* SMMessageHUD.m in Sources */ = {isa = PBXBuildFile; fileRef = 27AD44FF1B2E976000C80C29 /* SMMessageHUD.m */; };
		27AD45031B2E9D7400C80C29 /* SMDatePickPopView.m in Sources */ = {isa = PBXBuildFile; fileRef = 27AD45021B2E9D7400C80C29 /* SMDatePickPopView.m */; };
		27AD45071B2EA8C000C80C29 /* PublishNoteViewController.m in Sources */ = {isa = PBXBuildFile; fileRef = 27AD45061B2EA8C000C80C29 /* PublishNoteViewController.m */; };
		27AD45151B2EC05B00C80C29 /* SCImageScrollView.m in Sources */ = {isa = PBXBuildFile; fileRef = 27AD450D1B2EC05B00C80C29 /* SCImageScrollView.m */; };
		27AD45161B2EC05B00C80C29 /* SCImagesViewerData.m in Sources */ = {isa = PBXBuildFile; fileRef = 27AD45101B2EC05B00C80C29 /* SCImagesViewerData.m */; };
		27AD45171B2EC05B00C80C29 /* SCImageViewController.m in Sources */ = {isa = PBXBuildFile; fileRef = 27AD45121B2EC05B00C80C29 /* SCImageViewController.m */; };
		27AD45181B2EC05B00C80C29 /* SCPageViewController.m in Sources */ = {isa = PBXBuildFile; fileRef = 27AD45141B2EC05B00C80C29 /* SCPageViewController.m */; };
		27AD45281B2EC08500C80C29 /* SaySomethingPictureCell.m in Sources */ = {isa = PBXBuildFile; fileRef = 27AD45221B2EC08500C80C29 /* SaySomethingPictureCell.m */; };
		27AD45291B2EC08500C80C29 /* SaySomethingReusableView.m in Sources */ = {isa = PBXBuildFile; fileRef = 27AD45241B2EC08500C80C29 /* SaySomethingReusableView.m */; };
		27AD453B1B2EC14C00C80C29 /* AlbumContentsViewCell.m in Sources */ = {isa = PBXBuildFile; fileRef = 27AD452C1B2EC14C00C80C29 /* AlbumContentsViewCell.m */; };
		27AD453C1B2EC14C00C80C29 /* AlbumContentsViewController.m in Sources */ = {isa = PBXBuildFile; fileRef = 27AD452E1B2EC14C00C80C29 /* AlbumContentsViewController.m */; };
		27AD453D1B2EC14C00C80C29 /* AssetsGroupsTabelView.m in Sources */ = {isa = PBXBuildFile; fileRef = 27AD45301B2EC14C00C80C29 /* AssetsGroupsTabelView.m */; };
		27AD453E1B2EC14C00C80C29 /* ImageScrollView.m in Sources */ = {isa = PBXBuildFile; fileRef = 27AD45321B2EC14C00C80C29 /* ImageScrollView.m */; };
		27AD453F1B2EC14C00C80C29 /* MyPageViewController.m in Sources */ = {isa = PBXBuildFile; fileRef = 27AD45341B2EC14C00C80C29 /* MyPageViewController.m */; };
		27AD45401B2EC14C00C80C29 /* PageViewControllerData.m in Sources */ = {isa = PBXBuildFile; fileRef = 27AD45361B2EC14C00C80C29 /* PageViewControllerData.m */; };
		27AD45411B2EC14C00C80C29 /* PhotoViewController.m in Sources */ = {isa = PBXBuildFile; fileRef = 27AD45381B2EC14C00C80C29 /* PhotoViewController.m */; };
		27AD45421B2EC14C00C80C29 /* SCImagesPickerController.m in Sources */ = {isa = PBXBuildFile; fileRef = 27AD453A1B2EC14C00C80C29 /* SCImagesPickerController.m */; };
		27D5CF921B26E6DD003341F3 /* SMCircleDetailViewController.m in Sources */ = {isa = PBXBuildFile; fileRef = 27D5CF911B26E6DD003341F3 /* SMCircleDetailViewController.m */; };
		27D5CF981B26E9A0003341F3 /* SMCircleDetailCell.m in Sources */ = {isa = PBXBuildFile; fileRef = 27D5CF971B26E9A0003341F3 /* SMCircleDetailCell.m */; };
		27D5CF9B1B26FB7E003341F3 /* GlobalManager.m in Sources */ = {isa = PBXBuildFile; fileRef = 27D5CF9A1B26FB7E003341F3 /* GlobalManager.m */; };
		27D5CF9E1B26FFA5003341F3 /* SMNavigationPopView.m in Sources */ = {isa = PBXBuildFile; fileRef = 27D5CF9D1B26FFA5003341F3 /* SMNavigationPopView.m */; };
		27DAE0841B2FF0E90070D812 /* GroupViewController.m in Sources */ = {isa = PBXBuildFile; fileRef = 27DAE0831B2FF0E90070D812 /* GroupViewController.m */; };
		27DAE0871B2FFA010070D812 /* NoteTagViewController.m in Sources */ = {isa = PBXBuildFile; fileRef = 27DAE0861B2FFA010070D812 /* NoteTagViewController.m */; };
		27DAE08A1B2FFC1D0070D812 /* SMNoteTagPopView.m in Sources */ = {isa = PBXBuildFile; fileRef = 27DAE0891B2FFC1D0070D812 /* SMNoteTagPopView.m */; };
		27DAE08E1B300E170070D812 /* ChangeAccountViewController.m in Sources */ = {isa = PBXBuildFile; fileRef = 27DAE08D1B300E170070D812 /* ChangeAccountViewController.m */; };
		27DAE0921B30101F0070D812 /* CompanyViewController.m in Sources */ = {isa = PBXBuildFile; fileRef = 27DAE0911B30101F0070D812 /* CompanyViewController.m */; };
		27DAE0951B3021BA0070D812 /* BBNewspaperDetailViewController.m in Sources */ = {isa = PBXBuildFile; fileRef = 27DAE0941B3021BA0070D812 /* BBNewspaperDetailViewController.m */; };
		597262C962F123EAB325DDF1 /* libPods.a in Frameworks */ = {isa = PBXBuildFile; fileRef = 88CE2707A443E72094D81713 /* libPods.a */; };
		DFFF35181B2EFEF900480914 /* NewspaperTableViewCell.m in Sources */ = {isa = PBXBuildFile; fileRef = DFFF35161B2EFEF900480914 /* NewspaperTableViewCell.m */; };
		DFFF35191B2EFEF900480914 /* NewspaperTableViewCell.xib in Resources */ = {isa = PBXBuildFile; fileRef = DFFF35171B2EFEF900480914 /* NewspaperTableViewCell.xib */; };
/* End PBXBuildFile section */

/* Begin PBXFileReference section */
		22250F62B24FB1257E6E234A /* Pods.release.xcconfig */ = {isa = PBXFileReference; includeInIndex = 1; lastKnownFileType = text.xcconfig; name = Pods.release.xcconfig; path = "Pods/Target Support Files/Pods/Pods.release.xcconfig"; sourceTree = "<group>"; };
		2720ECAB1B254A7F0063DB79 /* FindSMViewController.h */ = {isa = PBXFileReference; fileEncoding = 4; lastKnownFileType = sourcecode.c.h; path = FindSMViewController.h; sourceTree = "<group>"; };
		2720ECAC1B254A7F0063DB79 /* FindSMViewController.m */ = {isa = PBXFileReference; fileEncoding = 4; lastKnownFileType = sourcecode.c.objc; path = FindSMViewController.m; sourceTree = "<group>"; };
		2720ECAE1B2577370063DB79 /* SchoolMatePrefixHeader.pch */ = {isa = PBXFileReference; lastKnownFileType = sourcecode.c.h; path = SchoolMatePrefixHeader.pch; sourceTree = "<group>"; };
		2720ECB51B25792E0063DB79 /* ClassDefinition.h */ = {isa = PBXFileReference; fileEncoding = 4; lastKnownFileType = sourcecode.c.h; path = ClassDefinition.h; sourceTree = "<group>"; };
		2720ECB61B25792E0063DB79 /* MacroDefinition.h */ = {isa = PBXFileReference; fileEncoding = 4; lastKnownFileType = sourcecode.c.h; path = MacroDefinition.h; sourceTree = "<group>"; };
		2720ECB71B257B810063DB79 /* SCTabViewController.h */ = {isa = PBXFileReference; fileEncoding = 4; lastKnownFileType = sourcecode.c.h; path = SCTabViewController.h; sourceTree = "<group>"; };
		2720ECB81B257B810063DB79 /* SCTabViewController.m */ = {isa = PBXFileReference; fileEncoding = 4; lastKnownFileType = sourcecode.c.objc; path = SCTabViewController.m; sourceTree = "<group>"; };
		2720ECBA1B257F310063DB79 /* Default-568h@2x.png */ = {isa = PBXFileReference; lastKnownFileType = image.png; path = "Default-568h@2x.png"; sourceTree = "<group>"; };
		2720ECBC1B25871A0063DB79 /* Tools.h */ = {isa = PBXFileReference; fileEncoding = 4; lastKnownFileType = sourcecode.c.h; path = Tools.h; sourceTree = "<group>"; };
		2720ECBD1B25871A0063DB79 /* Tools.m */ = {isa = PBXFileReference; fileEncoding = 4; lastKnownFileType = sourcecode.c.objc; path = Tools.m; sourceTree = "<group>"; };
		2720ECC01B2587990063DB79 /* NSString+Addition.h */ = {isa = PBXFileReference; fileEncoding = 4; lastKnownFileType = sourcecode.c.h; path = "NSString+Addition.h"; sourceTree = "<group>"; };
		2720ECC11B2587990063DB79 /* NSString+Addition.m */ = {isa = PBXFileReference; fileEncoding = 4; lastKnownFileType = sourcecode.c.objc; path = "NSString+Addition.m"; sourceTree = "<group>"; };
		2720ECC51B258DF40063DB79 /* SMCircleCell.h */ = {isa = PBXFileReference; fileEncoding = 4; lastKnownFileType = sourcecode.c.h; path = SMCircleCell.h; sourceTree = "<group>"; };
		2720ECC61B258DF40063DB79 /* SMCircleCell.m */ = {isa = PBXFileReference; fileEncoding = 4; lastKnownFileType = sourcecode.c.objc; path = SMCircleCell.m; sourceTree = "<group>"; };
		274E65161B2833FB00D1267B /* UserInfoView.h */ = {isa = PBXFileReference; fileEncoding = 4; lastKnownFileType = sourcecode.c.h; path = UserInfoView.h; sourceTree = "<group>"; };
		274E65171B2833FB00D1267B /* UserInfoView.m */ = {isa = PBXFileReference; fileEncoding = 4; lastKnownFileType = sourcecode.c.objc; path = UserInfoView.m; sourceTree = "<group>"; };
		274E65191B2837A900D1267B /* UserInfoCell.h */ = {isa = PBXFileReference; fileEncoding = 4; lastKnownFileType = sourcecode.c.h; path = UserInfoCell.h; sourceTree = "<group>"; };
		274E651A1B2837A900D1267B /* UserInfoCell.m */ = {isa = PBXFileReference; fileEncoding = 4; lastKnownFileType = sourcecode.c.objc; path = UserInfoCell.m; sourceTree = "<group>"; };
		277905F01B252E0100ECC732 /* SchoolMate.app */ = {isa = PBXFileReference; explicitFileType = wrapper.application; includeInIndex = 0; path = SchoolMate.app; sourceTree = BUILT_PRODUCTS_DIR; };
		277905F41B252E0100ECC732 /* Info.plist */ = {isa = PBXFileReference; lastKnownFileType = text.plist.xml; path = Info.plist; sourceTree = "<group>"; };
		277905F51B252E0100ECC732 /* main.m */ = {isa = PBXFileReference; lastKnownFileType = sourcecode.c.objc; path = main.m; sourceTree = "<group>"; };
		277905F71B252E0100ECC732 /* AppDelegate.h */ = {isa = PBXFileReference; lastKnownFileType = sourcecode.c.h; path = AppDelegate.h; sourceTree = "<group>"; };
		277905F81B252E0100ECC732 /* AppDelegate.m */ = {isa = PBXFileReference; lastKnownFileType = sourcecode.c.objc; path = AppDelegate.m; sourceTree = "<group>"; };
		277906001B252E0100ECC732 /* Images.xcassets */ = {isa = PBXFileReference; lastKnownFileType = folder.assetcatalog; path = Images.xcassets; sourceTree = "<group>"; };
		277906031B252E0100ECC732 /* Base */ = {isa = PBXFileReference; lastKnownFileType = file.xib; name = Base; path = Base.lproj/LaunchScreen.xib; sourceTree = "<group>"; };
		2779061D1B253E2500ECC732 /* SCBasicViewController.h */ = {isa = PBXFileReference; fileEncoding = 4; lastKnownFileType = sourcecode.c.h; path = SCBasicViewController.h; sourceTree = "<group>"; };
		2779061E1B253E2500ECC732 /* SCBasicViewController.m */ = {isa = PBXFileReference; fileEncoding = 4; lastKnownFileType = sourcecode.c.objc; path = SCBasicViewController.m; sourceTree = "<group>"; };
		277906261B253E9F00ECC732 /* LoginViewController.h */ = {isa = PBXFileReference; fileEncoding = 4; lastKnownFileType = sourcecode.c.h; path = LoginViewController.h; sourceTree = "<group>"; };
		277906271B253E9F00ECC732 /* LoginViewController.m */ = {isa = PBXFileReference; fileEncoding = 4; lastKnownFileType = sourcecode.c.objc; path = LoginViewController.m; sourceTree = "<group>"; };
		2779062A1B253EAB00ECC732 /* RegisterViewController.h */ = {isa = PBXFileReference; fileEncoding = 4; lastKnownFileType = sourcecode.c.h; path = RegisterViewController.h; sourceTree = "<group>"; };
		2779062B1B253EAB00ECC732 /* RegisterViewController.m */ = {isa = PBXFileReference; fileEncoding = 4; lastKnownFileType = sourcecode.c.objc; path = RegisterViewController.m; sourceTree = "<group>"; };
		2779062D1B25475600ECC732 /* 同学圈主界面.jpg */ = {isa = PBXFileReference; lastKnownFileType = image.jpeg; path = "同学圈主界面.jpg"; sourceTree = "<group>"; };
		277906341B2548FF00ECC732 /* BBNewspaperViewController.h */ = {isa = PBXFileReference; fileEncoding = 4; lastKnownFileType = sourcecode.c.h; path = BBNewspaperViewController.h; sourceTree = "<group>"; };
		277906351B2548FF00ECC732 /* BBNewspaperViewController.m */ = {isa = PBXFileReference; fileEncoding = 4; lastKnownFileType = sourcecode.c.objc; path = BBNewspaperViewController.m; sourceTree = "<group>"; };
		2779063A1B25492B00ECC732 /* MoreViewController.h */ = {isa = PBXFileReference; fileEncoding = 4; lastKnownFileType = sourcecode.c.h; path = MoreViewController.h; sourceTree = "<group>"; };
		2779063B1B25492B00ECC732 /* MoreViewController.m */ = {isa = PBXFileReference; fileEncoding = 4; lastKnownFileType = sourcecode.c.objc; path = MoreViewController.m; sourceTree = "<group>"; };
		2779063D1B25495800ECC732 /* SMCircleViewController.h */ = {isa = PBXFileReference; fileEncoding = 4; lastKnownFileType = sourcecode.c.h; path = SMCircleViewController.h; sourceTree = "<group>"; };
		2779063E1B25495800ECC732 /* SMCircleViewController.m */ = {isa = PBXFileReference; fileEncoding = 4; lastKnownFileType = sourcecode.c.objc; path = SMCircleViewController.m; sourceTree = "<group>"; };
		277906401B25496500ECC732 /* WhisperViewController.h */ = {isa = PBXFileReference; fileEncoding = 4; lastKnownFileType = sourcecode.c.h; path = WhisperViewController.h; sourceTree = "<group>"; };
		277906411B25496500ECC732 /* WhisperViewController.m */ = {isa = PBXFileReference; fileEncoding = 4; lastKnownFileType = sourcecode.c.objc; path = WhisperViewController.m; sourceTree = "<group>"; };
		27AD44F31B2E8DCC00C80C29 /* CheckTools.h */ = {isa = PBXFileReference; fileEncoding = 4; lastKnownFileType = sourcecode.c.h; path = CheckTools.h; sourceTree = "<group>"; };
		27AD44F41B2E8DCD00C80C29 /* CheckTools.m */ = {isa = PBXFileReference; fileEncoding = 4; lastKnownFileType = sourcecode.c.objc; path = CheckTools.m; sourceTree = "<group>"; };
		27AD44F81B2E943B00C80C29 /* NickNameViewController.h */ = {isa = PBXFileReference; fileEncoding = 4; lastKnownFileType = sourcecode.c.h; path = NickNameViewController.h; sourceTree = "<group>"; };
		27AD44F91B2E943B00C80C29 /* NickNameViewController.m */ = {isa = PBXFileReference; fileEncoding = 4; lastKnownFileType = sourcecode.c.objc; path = NickNameViewController.m; sourceTree = "<group>"; };
		27AD44FB1B2E944500C80C29 /* TrueNameViewController.h */ = {isa = PBXFileReference; fileEncoding = 4; lastKnownFileType = sourcecode.c.h; path = TrueNameViewController.h; sourceTree = "<group>"; };
		27AD44FC1B2E944500C80C29 /* TrueNameViewController.m */ = {isa = PBXFileReference; fileEncoding = 4; lastKnownFileType = sourcecode.c.objc; path = TrueNameViewController.m; sourceTree = "<group>"; };
		27AD44FE1B2E976000C80C29 /* SMMessageHUD.h */ = {isa = PBXFileReference; fileEncoding = 4; lastKnownFileType = sourcecode.c.h; path = SMMessageHUD.h; sourceTree = "<group>"; };
		27AD44FF1B2E976000C80C29 /* SMMessageHUD.m */ = {isa = PBXFileReference; fileEncoding = 4; lastKnownFileType = sourcecode.c.objc; path = SMMessageHUD.m; sourceTree = "<group>"; };
		27AD45011B2E9D7400C80C29 /* SMDatePickPopView.h */ = {isa = PBXFileReference; fileEncoding = 4; lastKnownFileType = sourcecode.c.h; path = SMDatePickPopView.h; sourceTree = "<group>"; };
		27AD45021B2E9D7400C80C29 /* SMDatePickPopView.m */ = {isa = PBXFileReference; fileEncoding = 4; lastKnownFileType = sourcecode.c.objc; path = SMDatePickPopView.m; sourceTree = "<group>"; };
		27AD45051B2EA8C000C80C29 /* PublishNoteViewController.h */ = {isa = PBXFileReference; fileEncoding = 4; lastKnownFileType = sourcecode.c.h; path = PublishNoteViewController.h; sourceTree = "<group>"; };
		27AD45061B2EA8C000C80C29 /* PublishNoteViewController.m */ = {isa = PBXFileReference; fileEncoding = 4; lastKnownFileType = sourcecode.c.objc; path = PublishNoteViewController.m; sourceTree = "<group>"; };
		27AD450C1B2EC05B00C80C29 /* SCImageScrollView.h */ = {isa = PBXFileReference; fileEncoding = 4; lastKnownFileType = sourcecode.c.h; path = SCImageScrollView.h; sourceTree = "<group>"; };
		27AD450D1B2EC05B00C80C29 /* SCImageScrollView.m */ = {isa = PBXFileReference; fileEncoding = 4; lastKnownFileType = sourcecode.c.objc; path = SCImageScrollView.m; sourceTree = "<group>"; };
		27AD450E1B2EC05B00C80C29 /* SCImagesViewer.h */ = {isa = PBXFileReference; fileEncoding = 4; lastKnownFileType = sourcecode.c.h; path = SCImagesViewer.h; sourceTree = "<group>"; };
		27AD450F1B2EC05B00C80C29 /* SCImagesViewerData.h */ = {isa = PBXFileReference; fileEncoding = 4; lastKnownFileType = sourcecode.c.h; path = SCImagesViewerData.h; sourceTree = "<group>"; };
		27AD45101B2EC05B00C80C29 /* SCImagesViewerData.m */ = {isa = PBXFileReference; fileEncoding = 4; lastKnownFileType = sourcecode.c.objc; path = SCImagesViewerData.m; sourceTree = "<group>"; };
		27AD45111B2EC05B00C80C29 /* SCImageViewController.h */ = {isa = PBXFileReference; fileEncoding = 4; lastKnownFileType = sourcecode.c.h; path = SCImageViewController.h; sourceTree = "<group>"; };
		27AD45121B2EC05B00C80C29 /* SCImageViewController.m */ = {isa = PBXFileReference; fileEncoding = 4; lastKnownFileType = sourcecode.c.objc; path = SCImageViewController.m; sourceTree = "<group>"; };
		27AD45131B2EC05B00C80C29 /* SCPageViewController.h */ = {isa = PBXFileReference; fileEncoding = 4; lastKnownFileType = sourcecode.c.h; path = SCPageViewController.h; sourceTree = "<group>"; };
		27AD45141B2EC05B00C80C29 /* SCPageViewController.m */ = {isa = PBXFileReference; fileEncoding = 4; lastKnownFileType = sourcecode.c.objc; path = SCPageViewController.m; sourceTree = "<group>"; };
		27AD45211B2EC08500C80C29 /* SaySomethingPictureCell.h */ = {isa = PBXFileReference; fileEncoding = 4; lastKnownFileType = sourcecode.c.h; path = SaySomethingPictureCell.h; sourceTree = "<group>"; };
		27AD45221B2EC08500C80C29 /* SaySomethingPictureCell.m */ = {isa = PBXFileReference; fileEncoding = 4; lastKnownFileType = sourcecode.c.objc; path = SaySomethingPictureCell.m; sourceTree = "<group>"; };
		27AD45231B2EC08500C80C29 /* SaySomethingReusableView.h */ = {isa = PBXFileReference; fileEncoding = 4; lastKnownFileType = sourcecode.c.h; path = SaySomethingReusableView.h; sourceTree = "<group>"; };
		27AD45241B2EC08500C80C29 /* SaySomethingReusableView.m */ = {isa = PBXFileReference; fileEncoding = 4; lastKnownFileType = sourcecode.c.objc; path = SaySomethingReusableView.m; sourceTree = "<group>"; };
		27AD452B1B2EC14C00C80C29 /* AlbumContentsViewCell.h */ = {isa = PBXFileReference; fileEncoding = 4; lastKnownFileType = sourcecode.c.h; path = AlbumContentsViewCell.h; sourceTree = "<group>"; };
		27AD452C1B2EC14C00C80C29 /* AlbumContentsViewCell.m */ = {isa = PBXFileReference; fileEncoding = 4; lastKnownFileType = sourcecode.c.objc; path = AlbumContentsViewCell.m; sourceTree = "<group>"; };
		27AD452D1B2EC14C00C80C29 /* AlbumContentsViewController.h */ = {isa = PBXFileReference; fileEncoding = 4; lastKnownFileType = sourcecode.c.h; path = AlbumContentsViewController.h; sourceTree = "<group>"; };
		27AD452E1B2EC14C00C80C29 /* AlbumContentsViewController.m */ = {isa = PBXFileReference; fileEncoding = 4; lastKnownFileType = sourcecode.c.objc; path = AlbumContentsViewController.m; sourceTree = "<group>"; };
		27AD452F1B2EC14C00C80C29 /* AssetsGroupsTabelView.h */ = {isa = PBXFileReference; fileEncoding = 4; lastKnownFileType = sourcecode.c.h; path = AssetsGroupsTabelView.h; sourceTree = "<group>"; };
		27AD45301B2EC14C00C80C29 /* AssetsGroupsTabelView.m */ = {isa = PBXFileReference; fileEncoding = 4; lastKnownFileType = sourcecode.c.objc; path = AssetsGroupsTabelView.m; sourceTree = "<group>"; };
		27AD45311B2EC14C00C80C29 /* ImageScrollView.h */ = {isa = PBXFileReference; fileEncoding = 4; lastKnownFileType = sourcecode.c.h; path = ImageScrollView.h; sourceTree = "<group>"; };
		27AD45321B2EC14C00C80C29 /* ImageScrollView.m */ = {isa = PBXFileReference; fileEncoding = 4; lastKnownFileType = sourcecode.c.objc; path = ImageScrollView.m; sourceTree = "<group>"; };
		27AD45331B2EC14C00C80C29 /* MyPageViewController.h */ = {isa = PBXFileReference; fileEncoding = 4; lastKnownFileType = sourcecode.c.h; path = MyPageViewController.h; sourceTree = "<group>"; };
		27AD45341B2EC14C00C80C29 /* MyPageViewController.m */ = {isa = PBXFileReference; fileEncoding = 4; lastKnownFileType = sourcecode.c.objc; path = MyPageViewController.m; sourceTree = "<group>"; };
		27AD45351B2EC14C00C80C29 /* PageViewControllerData.h */ = {isa = PBXFileReference; fileEncoding = 4; lastKnownFileType = sourcecode.c.h; path = PageViewControllerData.h; sourceTree = "<group>"; };
		27AD45361B2EC14C00C80C29 /* PageViewControllerData.m */ = {isa = PBXFileReference; fileEncoding = 4; lastKnownFileType = sourcecode.c.objc; path = PageViewControllerData.m; sourceTree = "<group>"; };
		27AD45371B2EC14C00C80C29 /* PhotoViewController.h */ = {isa = PBXFileReference; fileEncoding = 4; lastKnownFileType = sourcecode.c.h; path = PhotoViewController.h; sourceTree = "<group>"; };
		27AD45381B2EC14C00C80C29 /* PhotoViewController.m */ = {isa = PBXFileReference; fileEncoding = 4; lastKnownFileType = sourcecode.c.objc; path = PhotoViewController.m; sourceTree = "<group>"; };
		27AD45391B2EC14C00C80C29 /* SCImagesPickerController.h */ = {isa = PBXFileReference; fileEncoding = 4; lastKnownFileType = sourcecode.c.h; path = SCImagesPickerController.h; sourceTree = "<group>"; };
		27AD453A1B2EC14C00C80C29 /* SCImagesPickerController.m */ = {isa = PBXFileReference; fileEncoding = 4; lastKnownFileType = sourcecode.c.objc; path = SCImagesPickerController.m; sourceTree = "<group>"; };
		27D5CF901B26E6DD003341F3 /* SMCircleDetailViewController.h */ = {isa = PBXFileReference; fileEncoding = 4; lastKnownFileType = sourcecode.c.h; path = SMCircleDetailViewController.h; sourceTree = "<group>"; };
		27D5CF911B26E6DD003341F3 /* SMCircleDetailViewController.m */ = {isa = PBXFileReference; fileEncoding = 4; lastKnownFileType = sourcecode.c.objc; path = SMCircleDetailViewController.m; sourceTree = "<group>"; };
		27D5CF961B26E9A0003341F3 /* SMCircleDetailCell.h */ = {isa = PBXFileReference; fileEncoding = 4; lastKnownFileType = sourcecode.c.h; path = SMCircleDetailCell.h; sourceTree = "<group>"; };
		27D5CF971B26E9A0003341F3 /* SMCircleDetailCell.m */ = {isa = PBXFileReference; fileEncoding = 4; lastKnownFileType = sourcecode.c.objc; path = SMCircleDetailCell.m; sourceTree = "<group>"; };
		27D5CF991B26FB7E003341F3 /* GlobalManager.h */ = {isa = PBXFileReference; fileEncoding = 4; lastKnownFileType = sourcecode.c.h; path = GlobalManager.h; sourceTree = "<group>"; };
		27D5CF9A1B26FB7E003341F3 /* GlobalManager.m */ = {isa = PBXFileReference; fileEncoding = 4; lastKnownFileType = sourcecode.c.objc; path = GlobalManager.m; sourceTree = "<group>"; };
		27D5CF9C1B26FFA4003341F3 /* SMNavigationPopView.h */ = {isa = PBXFileReference; fileEncoding = 4; lastKnownFileType = sourcecode.c.h; path = SMNavigationPopView.h; sourceTree = "<group>"; };
		27D5CF9D1B26FFA5003341F3 /* SMNavigationPopView.m */ = {isa = PBXFileReference; fileEncoding = 4; lastKnownFileType = sourcecode.c.objc; path = SMNavigationPopView.m; sourceTree = "<group>"; };
		27DAE0821B2FF0E90070D812 /* GroupViewController.h */ = {isa = PBXFileReference; fileEncoding = 4; lastKnownFileType = sourcecode.c.h; path = GroupViewController.h; sourceTree = "<group>"; };
		27DAE0831B2FF0E90070D812 /* GroupViewController.m */ = {isa = PBXFileReference; fileEncoding = 4; lastKnownFileType = sourcecode.c.objc; path = GroupViewController.m; sourceTree = "<group>"; };
		27DAE0851B2FFA010070D812 /* NoteTagViewController.h */ = {isa = PBXFileReference; fileEncoding = 4; lastKnownFileType = sourcecode.c.h; path = NoteTagViewController.h; sourceTree = "<group>"; };
		27DAE0861B2FFA010070D812 /* NoteTagViewController.m */ = {isa = PBXFileReference; fileEncoding = 4; lastKnownFileType = sourcecode.c.objc; path = NoteTagViewController.m; sourceTree = "<group>"; };
		27DAE0881B2FFC1D0070D812 /* SMNoteTagPopView.h */ = {isa = PBXFileReference; fileEncoding = 4; lastKnownFileType = sourcecode.c.h; path = SMNoteTagPopView.h; sourceTree = "<group>"; };
		27DAE0891B2FFC1D0070D812 /* SMNoteTagPopView.m */ = {isa = PBXFileReference; fileEncoding = 4; lastKnownFileType = sourcecode.c.objc; path = SMNoteTagPopView.m; sourceTree = "<group>"; };
		27DAE08C1B300E170070D812 /* ChangeAccountViewController.h */ = {isa = PBXFileReference; fileEncoding = 4; lastKnownFileType = sourcecode.c.h; path = ChangeAccountViewController.h; sourceTree = "<group>"; };
		27DAE08D1B300E170070D812 /* ChangeAccountViewController.m */ = {isa = PBXFileReference; fileEncoding = 4; lastKnownFileType = sourcecode.c.objc; path = ChangeAccountViewController.m; sourceTree = "<group>"; };
		27DAE0901B30101F0070D812 /* CompanyViewController.h */ = {isa = PBXFileReference; fileEncoding = 4; lastKnownFileType = sourcecode.c.h; path = CompanyViewController.h; sourceTree = "<group>"; };
		27DAE0911B30101F0070D812 /* CompanyViewController.m */ = {isa = PBXFileReference; fileEncoding = 4; lastKnownFileType = sourcecode.c.objc; path = CompanyViewController.m; sourceTree = "<group>"; };
		27DAE0931B3021BA0070D812 /* BBNewspaperDetailViewController.h */ = {isa = PBXFileReference; fileEncoding = 4; lastKnownFileType = sourcecode.c.h; path = BBNewspaperDetailViewController.h; sourceTree = "<group>"; };
		27DAE0941B3021BA0070D812 /* BBNewspaperDetailViewController.m */ = {isa = PBXFileReference; fileEncoding = 4; lastKnownFileType = sourcecode.c.objc; path = BBNewspaperDetailViewController.m; sourceTree = "<group>"; };
		88CE2707A443E72094D81713 /* libPods.a */ = {isa = PBXFileReference; explicitFileType = archive.ar; includeInIndex = 0; path = libPods.a; sourceTree = BUILT_PRODUCTS_DIR; };
		890E34B51E5FAB64DA2FEA07 /* Pods.debug.xcconfig */ = {isa = PBXFileReference; includeInIndex = 1; lastKnownFileType = text.xcconfig; name = Pods.debug.xcconfig; path = "Pods/Target Support Files/Pods/Pods.debug.xcconfig"; sourceTree = "<group>"; };
		DFFF35151B2EFEF900480914 /* NewspaperTableViewCell.h */ = {isa = PBXFileReference; fileEncoding = 4; lastKnownFileType = sourcecode.c.h; path = NewspaperTableViewCell.h; sourceTree = "<group>"; };
		DFFF35161B2EFEF900480914 /* NewspaperTableViewCell.m */ = {isa = PBXFileReference; fileEncoding = 4; lastKnownFileType = sourcecode.c.objc; path = NewspaperTableViewCell.m; sourceTree = "<group>"; };
		DFFF35171B2EFEF900480914 /* NewspaperTableViewCell.xib */ = {isa = PBXFileReference; fileEncoding = 4; lastKnownFileType = file.xib; path = NewspaperTableViewCell.xib; sourceTree = "<group>"; };
/* End PBXFileReference section */

/* Begin PBXFrameworksBuildPhase section */
		277905ED1B252E0100ECC732 /* Frameworks */ = {
			isa = PBXFrameworksBuildPhase;
			buildActionMask = 2147483647;
			files = (
				597262C962F123EAB325DDF1 /* libPods.a in Frameworks */,
			);
			runOnlyForDeploymentPostprocessing = 0;
		};
/* End PBXFrameworksBuildPhase section */

/* Begin PBXGroup section */
		2492F14EFB6B2270593DBF6E /* Frameworks */ = {
			isa = PBXGroup;
			children = (
				88CE2707A443E72094D81713 /* libPods.a */,
			);
			name = Frameworks;
			sourceTree = "<group>";
		};
		2720ECAF1B2578FE0063DB79 /* Class */ = {
			isa = PBXGroup;
			children = (
				2720ECBF1B2587870063DB79 /* Category */,
				2720ECB01B2578FE0063DB79 /* Other */,
				2720ECB11B2578FE0063DB79 /* Tool */,
			);
			path = Class;
			sourceTree = "<group>";
		};
		2720ECB01B2578FE0063DB79 /* Other */ = {
			isa = PBXGroup;
			children = (
				27D5CF991B26FB7E003341F3 /* GlobalManager.h */,
				27D5CF9A1B26FB7E003341F3 /* GlobalManager.m */,
			);
			path = Other;
			sourceTree = "<group>";
		};
		2720ECB11B2578FE0063DB79 /* Tool */ = {
			isa = PBXGroup;
			children = (
				27AD44F31B2E8DCC00C80C29 /* CheckTools.h */,
				27AD44F41B2E8DCD00C80C29 /* CheckTools.m */,
				2720ECBC1B25871A0063DB79 /* Tools.h */,
				2720ECBD1B25871A0063DB79 /* Tools.m */,
				27AD44FE1B2E976000C80C29 /* SMMessageHUD.h */,
				27AD44FF1B2E976000C80C29 /* SMMessageHUD.m */,
			);
			path = Tool;
			sourceTree = "<group>";
		};
		2720ECB21B2578FE0063DB79 /* Macro */ = {
			isa = PBXGroup;
			children = (
				2720ECB51B25792E0063DB79 /* ClassDefinition.h */,
				2720ECB61B25792E0063DB79 /* MacroDefinition.h */,
			);
			path = Macro;
			sourceTree = "<group>";
		};
		2720ECB31B2578FE0063DB79 /* View */ = {
			isa = PBXGroup;
			children = (
				2720ECB41B2578FE0063DB79 /* Other */,
			);
			path = View;
			sourceTree = "<group>";
		};
		2720ECB41B2578FE0063DB79 /* Other */ = {
			isa = PBXGroup;
			children = (
				27D5CF9C1B26FFA4003341F3 /* SMNavigationPopView.h */,
				27D5CF9D1B26FFA5003341F3 /* SMNavigationPopView.m */,
				27AD45011B2E9D7400C80C29 /* SMDatePickPopView.h */,
				27AD45021B2E9D7400C80C29 /* SMDatePickPopView.m */,
				27DAE0881B2FFC1D0070D812 /* SMNoteTagPopView.h */,
				27DAE0891B2FFC1D0070D812 /* SMNoteTagPopView.m */,
			);
			path = Other;
			sourceTree = "<group>";
		};
		2720ECBF1B2587870063DB79 /* Category */ = {
			isa = PBXGroup;
			children = (
				2720ECC01B2587990063DB79 /* NSString+Addition.h */,
				2720ECC11B2587990063DB79 /* NSString+Addition.m */,
			);
			path = Category;
			sourceTree = "<group>";
		};
		2720ECC31B258DCD0063DB79 /* Cell */ = {
			isa = PBXGroup;
			children = (
				2720ECC51B258DF40063DB79 /* SMCircleCell.h */,
				2720ECC61B258DF40063DB79 /* SMCircleCell.m */,
				27D5CF961B26E9A0003341F3 /* SMCircleDetailCell.h */,
				27D5CF971B26E9A0003341F3 /* SMCircleDetailCell.m */,
				274E65191B2837A900D1267B /* UserInfoCell.h */,
				274E651A1B2837A900D1267B /* UserInfoCell.m */,
				DFFF35151B2EFEF900480914 /* NewspaperTableViewCell.h */,
				DFFF35161B2EFEF900480914 /* NewspaperTableViewCell.m */,
				DFFF35171B2EFEF900480914 /* NewspaperTableViewCell.xib */,
			);
			path = Cell;
			sourceTree = "<group>";
		};
		2720ECC41B258DCD0063DB79 /* Model */ = {
			isa = PBXGroup;
			children = (
			);
			path = Model;
			sourceTree = "<group>";
		};
		277905E71B252E0100ECC732 = {
			isa = PBXGroup;
			children = (
				2720ECBA1B257F310063DB79 /* Default-568h@2x.png */,
				2779062D1B25475600ECC732 /* 同学圈主界面.jpg */,
				277905F21B252E0100ECC732 /* SchoolMate */,
				277905F11B252E0100ECC732 /* Products */,
				CA5534FB21DF9B06CB92725E /* Pods */,
				2492F14EFB6B2270593DBF6E /* Frameworks */,
			);
			sourceTree = "<group>";
		};
		277905F11B252E0100ECC732 /* Products */ = {
			isa = PBXGroup;
			children = (
				277905F01B252E0100ECC732 /* SchoolMate.app */,
			);
			name = Products;
			sourceTree = "<group>";
		};
		277905F21B252E0100ECC732 /* SchoolMate */ = {
			isa = PBXGroup;
			children = (
				277905F71B252E0100ECC732 /* AppDelegate.h */,
				277905F81B252E0100ECC732 /* AppDelegate.m */,
				277906191B252F4F00ECC732 /* AppContent */,
				2779061A1B252F5000ECC732 /* Third */,
				2779061B1B252F5000ECC732 /* Utility */,
				277906001B252E0100ECC732 /* Images.xcassets */,
				277906021B252E0100ECC732 /* LaunchScreen.xib */,
				277905F31B252E0100ECC732 /* Supporting Files */,
			);
			path = SchoolMate;
			sourceTree = "<group>";
		};
		277905F31B252E0100ECC732 /* Supporting Files */ = {
			isa = PBXGroup;
			children = (
				277905F41B252E0100ECC732 /* Info.plist */,
				277905F51B252E0100ECC732 /* main.m */,
				2720ECAE1B2577370063DB79 /* SchoolMatePrefixHeader.pch */,
			);
			name = "Supporting Files";
			sourceTree = "<group>";
		};
		277906191B252F4F00ECC732 /* AppContent */ = {
			isa = PBXGroup;
			children = (
				2779061C1B253E2500ECC732 /* BaseViewController */,
				277906201B253E5C00ECC732 /* LoginAndRegister */,
				277906211B253E5C00ECC732 /* TabbarViewController */,
			);
			path = AppContent;
			sourceTree = "<group>";
		};
		2779061A1B252F5000ECC732 /* Third */ = {
			isa = PBXGroup;
			children = (
			);
			path = Third;
			sourceTree = "<group>";
		};
		2779061B1B252F5000ECC732 /* Utility */ = {
			isa = PBXGroup;
			children = (
				2720ECC31B258DCD0063DB79 /* Cell */,
				2720ECC41B258DCD0063DB79 /* Model */,
				2720ECAF1B2578FE0063DB79 /* Class */,
				2720ECB21B2578FE0063DB79 /* Macro */,
				2720ECB31B2578FE0063DB79 /* View */,
			);
			path = Utility;
			sourceTree = "<group>";
		};
		2779061C1B253E2500ECC732 /* BaseViewController */ = {
			isa = PBXGroup;
			children = (
				2720ECB71B257B810063DB79 /* SCTabViewController.h */,
				2720ECB81B257B810063DB79 /* SCTabViewController.m */,
				2779061D1B253E2500ECC732 /* SCBasicViewController.h */,
				2779061E1B253E2500ECC732 /* SCBasicViewController.m */,
			);
			path = BaseViewController;
			sourceTree = "<group>";
		};
		277906201B253E5C00ECC732 /* LoginAndRegister */ = {
			isa = PBXGroup;
			children = (
				277906251B253E9F00ECC732 /* Login */,
				277906281B253E9F00ECC732 /* Register */,
			);
			path = LoginAndRegister;
			sourceTree = "<group>";
		};
		277906211B253E5C00ECC732 /* TabbarViewController */ = {
			isa = PBXGroup;
			children = (
				277906321B2548E900ECC732 /* SchoolMateCircle */,
				277906301B2548E900ECC732 /* FindSchoolMate */,
				277906331B2548E900ECC732 /* Whisper */,
				2779062F1B2548E900ECC732 /* BlackboardNewspaper */,
				277906311B2548E900ECC732 /* More */,
			);
			path = TabbarViewController;
			sourceTree = "<group>";
		};
		277906251B253E9F00ECC732 /* Login */ = {
			isa = PBXGroup;
			children = (
				277906261B253E9F00ECC732 /* LoginViewController.h */,
				277906271B253E9F00ECC732 /* LoginViewController.m */,
			);
			path = Login;
			sourceTree = "<group>";
		};
		277906281B253E9F00ECC732 /* Register */ = {
			isa = PBXGroup;
			children = (
				2779062A1B253EAB00ECC732 /* RegisterViewController.h */,
				2779062B1B253EAB00ECC732 /* RegisterViewController.m */,
			);
			path = Register;
			sourceTree = "<group>";
		};
		2779062F1B2548E900ECC732 /* BlackboardNewspaper */ = {
			isa = PBXGroup;
			children = (
				277906341B2548FF00ECC732 /* BBNewspaperViewController.h */,
				277906351B2548FF00ECC732 /* BBNewspaperViewController.m */,
				27DAE0931B3021BA0070D812 /* BBNewspaperDetailViewController.h */,
				27DAE0941B3021BA0070D812 /* BBNewspaperDetailViewController.m */,
			);
			path = BlackboardNewspaper;
			sourceTree = "<group>";
		};
		277906301B2548E900ECC732 /* FindSchoolMate */ = {
			isa = PBXGroup;
			children = (
				2720ECAB1B254A7F0063DB79 /* FindSMViewController.h */,
				2720ECAC1B254A7F0063DB79 /* FindSMViewController.m */,
			);
			path = FindSchoolMate;
			sourceTree = "<group>";
		};
		277906311B2548E900ECC732 /* More */ = {
			isa = PBXGroup;
			children = (
				27DAE08F1B3010140070D812 /* Company */,
				27DAE08B1B300DF60070D812 /* Account */,
				27AD44F71B2E942D00C80C29 /* NickName */,
				27AD44F61B2E942600C80C29 /* TrueName */,
				2779063A1B25492B00ECC732 /* MoreViewController.h */,
				2779063B1B25492B00ECC732 /* MoreViewController.m */,
				274E65161B2833FB00D1267B /* UserInfoView.h */,
				274E65171B2833FB00D1267B /* UserInfoView.m */,
			);
			path = More;
			sourceTree = "<group>";
		};
		277906321B2548E900ECC732 /* SchoolMateCircle */ = {
			isa = PBXGroup;
			children = (
				27AD45041B2EA8AE00C80C29 /* PublishNote */,
				2779063D1B25495800ECC732 /* SMCircleViewController.h */,
				2779063E1B25495800ECC732 /* SMCircleViewController.m */,
				27D5CF901B26E6DD003341F3 /* SMCircleDetailViewController.h */,
				27D5CF911B26E6DD003341F3 /* SMCircleDetailViewController.m */,
			);
			path = SchoolMateCircle;
			sourceTree = "<group>";
		};
		277906331B2548E900ECC732 /* Whisper */ = {
			isa = PBXGroup;
			children = (
				277906401B25496500ECC732 /* WhisperViewController.h */,
				277906411B25496500ECC732 /* WhisperViewController.m */,
			);
			path = Whisper;
			sourceTree = "<group>";
		};
		27AD44F61B2E942600C80C29 /* TrueName */ = {
			isa = PBXGroup;
			children = (
				27AD44FB1B2E944500C80C29 /* TrueNameViewController.h */,
				27AD44FC1B2E944500C80C29 /* TrueNameViewController.m */,
			);
			path = TrueName;
			sourceTree = "<group>";
		};
		27AD44F71B2E942D00C80C29 /* NickName */ = {
			isa = PBXGroup;
			children = (
				27AD44F81B2E943B00C80C29 /* NickNameViewController.h */,
				27AD44F91B2E943B00C80C29 /* NickNameViewController.m */,
			);
			path = NickName;
			sourceTree = "<group>";
		};
		27AD45041B2EA8AE00C80C29 /* PublishNote */ = {
			isa = PBXGroup;
			children = (
				27AD452A1B2EC14C00C80C29 /* SCImagesPicker */,
				27AD45191B2EC08500C80C29 /* UICollectionView */,
				27AD450B1B2EC05B00C80C29 /* SCImagesViewer */,
				27AD45051B2EA8C000C80C29 /* PublishNoteViewController.h */,
				27AD45061B2EA8C000C80C29 /* PublishNoteViewController.m */,
				27DAE0821B2FF0E90070D812 /* GroupViewController.h */,
				27DAE0831B2FF0E90070D812 /* GroupViewController.m */,
				27DAE0851B2FFA010070D812 /* NoteTagViewController.h */,
				27DAE0861B2FFA010070D812 /* NoteTagViewController.m */,
			);
			path = PublishNote;
			sourceTree = "<group>";
		};
		27AD450B1B2EC05B00C80C29 /* SCImagesViewer */ = {
			isa = PBXGroup;
			children = (
				27AD450C1B2EC05B00C80C29 /* SCImageScrollView.h */,
				27AD450D1B2EC05B00C80C29 /* SCImageScrollView.m */,
				27AD450E1B2EC05B00C80C29 /* SCImagesViewer.h */,
				27AD450F1B2EC05B00C80C29 /* SCImagesViewerData.h */,
				27AD45101B2EC05B00C80C29 /* SCImagesViewerData.m */,
				27AD45111B2EC05B00C80C29 /* SCImageViewController.h */,
				27AD45121B2EC05B00C80C29 /* SCImageViewController.m */,
				27AD45131B2EC05B00C80C29 /* SCPageViewController.h */,
				27AD45141B2EC05B00C80C29 /* SCPageViewController.m */,
			);
			path = SCImagesViewer;
			sourceTree = "<group>";
		};
		27AD45191B2EC08500C80C29 /* UICollectionView */ = {
			isa = PBXGroup;
			children = (
				27AD45201B2EC08500C80C29 /* SaySomethingView */,
			);
			path = UICollectionView;
			sourceTree = "<group>";
		};
		27AD45201B2EC08500C80C29 /* SaySomethingView */ = {
			isa = PBXGroup;
			children = (
				27AD45211B2EC08500C80C29 /* SaySomethingPictureCell.h */,
				27AD45221B2EC08500C80C29 /* SaySomethingPictureCell.m */,
				27AD45231B2EC08500C80C29 /* SaySomethingReusableView.h */,
				27AD45241B2EC08500C80C29 /* SaySomethingReusableView.m */,
			);
			path = SaySomethingView;
			sourceTree = "<group>";
		};
		27AD452A1B2EC14C00C80C29 /* SCImagesPicker */ = {
			isa = PBXGroup;
			children = (
				27AD452B1B2EC14C00C80C29 /* AlbumContentsViewCell.h */,
				27AD452C1B2EC14C00C80C29 /* AlbumContentsViewCell.m */,
				27AD452D1B2EC14C00C80C29 /* AlbumContentsViewController.h */,
				27AD452E1B2EC14C00C80C29 /* AlbumContentsViewController.m */,
				27AD452F1B2EC14C00C80C29 /* AssetsGroupsTabelView.h */,
				27AD45301B2EC14C00C80C29 /* AssetsGroupsTabelView.m */,
				27AD45311B2EC14C00C80C29 /* ImageScrollView.h */,
				27AD45321B2EC14C00C80C29 /* ImageScrollView.m */,
				27AD45331B2EC14C00C80C29 /* MyPageViewController.h */,
				27AD45341B2EC14C00C80C29 /* MyPageViewController.m */,
				27AD45351B2EC14C00C80C29 /* PageViewControllerData.h */,
				27AD45361B2EC14C00C80C29 /* PageViewControllerData.m */,
				27AD45371B2EC14C00C80C29 /* PhotoViewController.h */,
				27AD45381B2EC14C00C80C29 /* PhotoViewController.m */,
				27AD45391B2EC14C00C80C29 /* SCImagesPickerController.h */,
				27AD453A1B2EC14C00C80C29 /* SCImagesPickerController.m */,
			);
			path = SCImagesPicker;
			sourceTree = "<group>";
		};
		27DAE08B1B300DF60070D812 /* Account */ = {
			isa = PBXGroup;
			children = (
				27DAE08C1B300E170070D812 /* ChangeAccountViewController.h */,
				27DAE08D1B300E170070D812 /* ChangeAccountViewController.m */,
			);
			path = Account;
			sourceTree = "<group>";
		};
		27DAE08F1B3010140070D812 /* Company */ = {
			isa = PBXGroup;
			children = (
				27DAE0901B30101F0070D812 /* CompanyViewController.h */,
				27DAE0911B30101F0070D812 /* CompanyViewController.m */,
			);
			path = Company;
			sourceTree = "<group>";
		};
		CA5534FB21DF9B06CB92725E /* Pods */ = {
			isa = PBXGroup;
			children = (
				890E34B51E5FAB64DA2FEA07 /* Pods.debug.xcconfig */,
				22250F62B24FB1257E6E234A /* Pods.release.xcconfig */,
			);
			name = Pods;
			sourceTree = "<group>";
		};
/* End PBXGroup section */

/* Begin PBXNativeTarget section */
		277905EF1B252E0100ECC732 /* SchoolMate */ = {
			isa = PBXNativeTarget;
			buildConfigurationList = 277906131B252E0100ECC732 /* Build configuration list for PBXNativeTarget "SchoolMate" */;
			buildPhases = (
				4A6A12E217639C4A56504DC0 /* Check Pods Manifest.lock */,
				277905EC1B252E0100ECC732 /* Sources */,
				277905ED1B252E0100ECC732 /* Frameworks */,
				277905EE1B252E0100ECC732 /* Resources */,
				FD8B73D7EE478D095A26D557 /* Copy Pods Resources */,
			);
			buildRules = (
			);
			dependencies = (
			);
			name = SchoolMate;
			productName = SchoolMate;
			productReference = 277905F01B252E0100ECC732 /* SchoolMate.app */;
			productType = "com.apple.product-type.application";
		};
/* End PBXNativeTarget section */

/* Begin PBXProject section */
		277905E81B252E0100ECC732 /* Project object */ = {
			isa = PBXProject;
			attributes = {
				LastUpgradeCheck = 0630;
				ORGANIZATIONNAME = libiwu;
				TargetAttributes = {
					277905EF1B252E0100ECC732 = {
						CreatedOnToolsVersion = 6.3;
						DevelopmentTeam = W77JN945A5;
					};
				};
			};
			buildConfigurationList = 277905EB1B252E0100ECC732 /* Build configuration list for PBXProject "SchoolMate" */;
			compatibilityVersion = "Xcode 3.2";
			developmentRegion = English;
			hasScannedForEncodings = 0;
			knownRegions = (
				en,
				Base,
			);
			mainGroup = 277905E71B252E0100ECC732;
			productRefGroup = 277905F11B252E0100ECC732 /* Products */;
			projectDirPath = "";
			projectRoot = "";
			targets = (
				277905EF1B252E0100ECC732 /* SchoolMate */,
			);
		};
/* End PBXProject section */

/* Begin PBXResourcesBuildPhase section */
		277905EE1B252E0100ECC732 /* Resources */ = {
			isa = PBXResourcesBuildPhase;
			buildActionMask = 2147483647;
			files = (
				2779062E1B25475600ECC732 /* 同学圈主界面.jpg in Resources */,
				2720ECBB1B257F310063DB79 /* Default-568h@2x.png in Resources */,
				277906041B252E0100ECC732 /* LaunchScreen.xib in Resources */,
				DFFF35191B2EFEF900480914 /* NewspaperTableViewCell.xib in Resources */,
				277906011B252E0100ECC732 /* Images.xcassets in Resources */,
			);
			runOnlyForDeploymentPostprocessing = 0;
		};
/* End PBXResourcesBuildPhase section */

/* Begin PBXShellScriptBuildPhase section */
		4A6A12E217639C4A56504DC0 /* Check Pods Manifest.lock */ = {
			isa = PBXShellScriptBuildPhase;
			buildActionMask = 2147483647;
			files = (
			);
			inputPaths = (
			);
			name = "Check Pods Manifest.lock";
			outputPaths = (
			);
			runOnlyForDeploymentPostprocessing = 0;
			shellPath = /bin/sh;
			shellScript = "diff \"${PODS_ROOT}/../Podfile.lock\" \"${PODS_ROOT}/Manifest.lock\" > /dev/null\nif [[ $? != 0 ]] ; then\n    cat << EOM\nerror: The sandbox is not in sync with the Podfile.lock. Run 'pod install' or update your CocoaPods installation.\nEOM\n    exit 1\nfi\n";
			showEnvVarsInLog = 0;
		};
		FD8B73D7EE478D095A26D557 /* Copy Pods Resources */ = {
			isa = PBXShellScriptBuildPhase;
			buildActionMask = 2147483647;
			files = (
			);
			inputPaths = (
			);
			name = "Copy Pods Resources";
			outputPaths = (
			);
			runOnlyForDeploymentPostprocessing = 0;
			shellPath = /bin/sh;
			shellScript = "\"${SRCROOT}/Pods/Target Support Files/Pods/Pods-resources.sh\"\n";
			showEnvVarsInLog = 0;
		};
/* End PBXShellScriptBuildPhase section */

/* Begin PBXSourcesBuildPhase section */
		277905EC1B252E0100ECC732 /* Sources */ = {
			isa = PBXSourcesBuildPhase;
			buildActionMask = 2147483647;
			files = (
				2720ECC21B2587990063DB79 /* NSString+Addition.m in Sources */,
				2779062C1B253EAB00ECC732 /* RegisterViewController.m in Sources */,
				27AD45031B2E9D7400C80C29 /* SMDatePickPopView.m in Sources */,
				27D5CF9E1B26FFA5003341F3 /* SMNavigationPopView.m in Sources */,
				27AD453D1B2EC14C00C80C29 /* AssetsGroupsTabelView.m in Sources */,
				27DAE0951B3021BA0070D812 /* BBNewspaperDetailViewController.m in Sources */,
				2720ECAD1B254A7F0063DB79 /* FindSMViewController.m in Sources */,
				277906421B25496500ECC732 /* WhisperViewController.m in Sources */,
				27DAE0871B2FFA010070D812 /* NoteTagViewController.m in Sources */,
				27AD45071B2EA8C000C80C29 /* PublishNoteViewController.m in Sources */,
				27D5CF9B1B26FB7E003341F3 /* GlobalManager.m in Sources */,
				27AD453E1B2EC14C00C80C29 /* ImageScrollView.m in Sources */,
				27D5CF981B26E9A0003341F3 /* SMCircleDetailCell.m in Sources */,
				2720ECBE1B25871A0063DB79 /* Tools.m in Sources */,
				274E651B1B2837A900D1267B /* UserInfoCell.m in Sources */,
				27AD45161B2EC05B00C80C29 /* SCImagesViewerData.m in Sources */,
				27AD45411B2EC14C00C80C29 /* PhotoViewController.m in Sources */,
				274E65181B2833FB00D1267B /* UserInfoView.m in Sources */,
				2779063C1B25492B00ECC732 /* MoreViewController.m in Sources */,
				2720ECB91B257B810063DB79 /* SCTabViewController.m in Sources */,
				277906291B253E9F00ECC732 /* LoginViewController.m in Sources */,
				27D5CF921B26E6DD003341F3 /* SMCircleDetailViewController.m in Sources */,
				277905F91B252E0100ECC732 /* AppDelegate.m in Sources */,
				27AD453F1B2EC14C00C80C29 /* MyPageViewController.m in Sources */,
				27AD45401B2EC14C00C80C29 /* PageViewControllerData.m in Sources */,
				DFFF35181B2EFEF900480914 /* NewspaperTableViewCell.m in Sources */,
				27AD45291B2EC08500C80C29 /* SaySomethingReusableView.m in Sources */,
				27AD45181B2EC05B00C80C29 /* SCPageViewController.m in Sources */,
				27AD45171B2EC05B00C80C29 /* SCImageViewController.m in Sources */,
				27AD44F51B2E8DCD00C80C29 /* CheckTools.m in Sources */,
				27AD44FA1B2E943B00C80C29 /* NickNameViewController.m in Sources */,
				27AD453C1B2EC14C00C80C29 /* AlbumContentsViewController.m in Sources */,
				27DAE0921B30101F0070D812 /* CompanyViewController.m in Sources */,
				27DAE08E1B300E170070D812 /* ChangeAccountViewController.m in Sources */,
				27DAE0841B2FF0E90070D812 /* GroupViewController.m in Sources */,
				2779063F1B25495800ECC732 /* SMCircleViewController.m in Sources */,
				27AD453B1B2EC14C00C80C29 /* AlbumContentsViewCell.m in Sources */,
				27AD45151B2EC05B00C80C29 /* SCImageScrollView.m in Sources */,
				27AD44FD1B2E944500C80C29 /* TrueNameViewController.m in Sources */,
				27AD45421B2EC14C00C80C29 /* SCImagesPickerController.m in Sources */,
				2779061F1B253E2500ECC732 /* SCBasicViewController.m in Sources */,
				277906361B2548FF00ECC732 /* BBNewspaperViewController.m in Sources */,
				277905F61B252E0100ECC732 /* main.m in Sources */,
				27AD45281B2EC08500C80C29 /* SaySomethingPictureCell.m in Sources */,
				2720ECC71B258DF40063DB79 /* SMCircleCell.m in Sources */,
				27AD45001B2E976000C80C29 /* SMMessageHUD.m in Sources */,
				27DAE08A1B2FFC1D0070D812 /* SMNoteTagPopView.m in Sources */,
			);
			runOnlyForDeploymentPostprocessing = 0;
		};
/* End PBXSourcesBuildPhase section */

/* Begin PBXVariantGroup section */
		277906021B252E0100ECC732 /* LaunchScreen.xib */ = {
			isa = PBXVariantGroup;
			children = (
				277906031B252E0100ECC732 /* Base */,
			);
			name = LaunchScreen.xib;
			sourceTree = "<group>";
		};
/* End PBXVariantGroup section */

/* Begin XCBuildConfiguration section */
		277906111B252E0100ECC732 /* Debug */ = {
			isa = XCBuildConfiguration;
			buildSettings = {
				ALWAYS_SEARCH_USER_PATHS = NO;
				CLANG_CXX_LANGUAGE_STANDARD = "gnu++0x";
				CLANG_CXX_LIBRARY = "libc++";
				CLANG_ENABLE_MODULES = YES;
				CLANG_ENABLE_OBJC_ARC = YES;
				CLANG_WARN_BOOL_CONVERSION = YES;
				CLANG_WARN_CONSTANT_CONVERSION = YES;
				CLANG_WARN_DIRECT_OBJC_ISA_USAGE = YES_ERROR;
				CLANG_WARN_EMPTY_BODY = YES;
				CLANG_WARN_ENUM_CONVERSION = YES;
				CLANG_WARN_INT_CONVERSION = YES;
				CLANG_WARN_OBJC_ROOT_CLASS = YES_ERROR;
				CLANG_WARN_UNREACHABLE_CODE = YES;
				CLANG_WARN__DUPLICATE_METHOD_MATCH = YES;
				"CODE_SIGN_IDENTITY[sdk=iphoneos*]" = "iPhone Developer";
				COPY_PHASE_STRIP = NO;
				DEBUG_INFORMATION_FORMAT = "dwarf-with-dsym";
				ENABLE_STRICT_OBJC_MSGSEND = YES;
				GCC_C_LANGUAGE_STANDARD = gnu99;
				GCC_DYNAMIC_NO_PIC = NO;
				GCC_NO_COMMON_BLOCKS = YES;
				GCC_OPTIMIZATION_LEVEL = 0;
				GCC_PREPROCESSOR_DEFINITIONS = (
					"DEBUG=1",
					"$(inherited)",
				);
				GCC_SYMBOLS_PRIVATE_EXTERN = NO;
				GCC_WARN_64_TO_32_BIT_CONVERSION = YES;
				GCC_WARN_ABOUT_RETURN_TYPE = YES_ERROR;
				GCC_WARN_UNDECLARED_SELECTOR = YES;
				GCC_WARN_UNINITIALIZED_AUTOS = YES_AGGRESSIVE;
				GCC_WARN_UNUSED_FUNCTION = YES;
				GCC_WARN_UNUSED_VARIABLE = YES;
				IPHONEOS_DEPLOYMENT_TARGET = 8.3;
				MTL_ENABLE_DEBUG_INFO = YES;
				ONLY_ACTIVE_ARCH = YES;
				SDKROOT = iphoneos;
			};
			name = Debug;
		};
		277906121B252E0100ECC732 /* Release */ = {
			isa = XCBuildConfiguration;
			buildSettings = {
				ALWAYS_SEARCH_USER_PATHS = NO;
				CLANG_CXX_LANGUAGE_STANDARD = "gnu++0x";
				CLANG_CXX_LIBRARY = "libc++";
				CLANG_ENABLE_MODULES = YES;
				CLANG_ENABLE_OBJC_ARC = YES;
				CLANG_WARN_BOOL_CONVERSION = YES;
				CLANG_WARN_CONSTANT_CONVERSION = YES;
				CLANG_WARN_DIRECT_OBJC_ISA_USAGE = YES_ERROR;
				CLANG_WARN_EMPTY_BODY = YES;
				CLANG_WARN_ENUM_CONVERSION = YES;
				CLANG_WARN_INT_CONVERSION = YES;
				CLANG_WARN_OBJC_ROOT_CLASS = YES_ERROR;
				CLANG_WARN_UNREACHABLE_CODE = YES;
				CLANG_WARN__DUPLICATE_METHOD_MATCH = YES;
				"CODE_SIGN_IDENTITY[sdk=iphoneos*]" = "iPhone Developer";
				COPY_PHASE_STRIP = NO;
				DEBUG_INFORMATION_FORMAT = "dwarf-with-dsym";
				ENABLE_NS_ASSERTIONS = NO;
				ENABLE_STRICT_OBJC_MSGSEND = YES;
				GCC_C_LANGUAGE_STANDARD = gnu99;
				GCC_NO_COMMON_BLOCKS = YES;
				GCC_WARN_64_TO_32_BIT_CONVERSION = YES;
				GCC_WARN_ABOUT_RETURN_TYPE = YES_ERROR;
				GCC_WARN_UNDECLARED_SELECTOR = YES;
				GCC_WARN_UNINITIALIZED_AUTOS = YES_AGGRESSIVE;
				GCC_WARN_UNUSED_FUNCTION = YES;
				GCC_WARN_UNUSED_VARIABLE = YES;
				IPHONEOS_DEPLOYMENT_TARGET = 8.3;
				MTL_ENABLE_DEBUG_INFO = NO;
				SDKROOT = iphoneos;
				VALIDATE_PRODUCT = YES;
			};
			name = Release;
		};
		277906141B252E0100ECC732 /* Debug */ = {
			isa = XCBuildConfiguration;
			baseConfigurationReference = 890E34B51E5FAB64DA2FEA07 /* Pods.debug.xcconfig */;
			buildSettings = {
				ASSETCATALOG_COMPILER_APPICON_NAME = AppIcon;
				CODE_SIGN_IDENTITY = "iPhone Developer: 尚 吕 (Y684FVX974)";
				GCC_PREFIX_HEADER = SchoolMate/SchoolMatePrefixHeader.pch;
				INFOPLIST_FILE = SchoolMate/Info.plist;
				IPHONEOS_DEPLOYMENT_TARGET = 8.0;
				LD_RUNPATH_SEARCH_PATHS = "$(inherited) @executable_path/Frameworks";
				PRODUCT_NAME = "$(TARGET_NAME)";
				PROVISIONING_PROFILE = "";
			};
			name = Debug;
		};
		277906151B252E0100ECC732 /* Release */ = {
			isa = XCBuildConfiguration;
			baseConfigurationReference = 22250F62B24FB1257E6E234A /* Pods.release.xcconfig */;
			buildSettings = {
				ASSETCATALOG_COMPILER_APPICON_NAME = AppIcon;
				CODE_SIGN_IDENTITY = "iPhone Developer: 尚 吕 (Y684FVX974)";
				GCC_PREFIX_HEADER = SchoolMate/SchoolMatePrefixHeader.pch;
				INFOPLIST_FILE = SchoolMate/Info.plist;
				IPHONEOS_DEPLOYMENT_TARGET = 8.0;
				LD_RUNPATH_SEARCH_PATHS = "$(inherited) @executable_path/Frameworks";
				PRODUCT_NAME = "$(TARGET_NAME)";
				PROVISIONING_PROFILE = "";
			};
			name = Release;
		};
/* End XCBuildConfiguration section */

/* Begin XCConfigurationList section */
		277905EB1B252E0100ECC732 /* Build configuration list for PBXProject "SchoolMate" */ = {
			isa = XCConfigurationList;
			buildConfigurations = (
				277906111B252E0100ECC732 /* Debug */,
				277906121B252E0100ECC732 /* Release */,
			);
			defaultConfigurationIsVisible = 0;
			defaultConfigurationName = Release;
		};
		277906131B252E0100ECC732 /* Build configuration list for PBXNativeTarget "SchoolMate" */ = {
			isa = XCConfigurationList;
			buildConfigurations = (
				277906141B252E0100ECC732 /* Debug */,
				277906151B252E0100ECC732 /* Release */,
			);
			defaultConfigurationIsVisible = 0;
			defaultConfigurationName = Release;
		};
/* End XCConfigurationList section */
	};
	rootObject = 277905E81B252E0100ECC732 /* Project object */;
}
